// !$*UTF8*$!
{
	archiveVersion = 1;
	classes = {
	};
	objectVersion = 46;
	objects = {

/* Begin PBXBuildFile section */
		00479F5317EE56D600199C21 /* TPViewController.m in Sources */ = {isa = PBXBuildFile; fileRef = 00479F5117EE56D600199C21 /* TPViewController.m */; };
		00479F5417EE56D600199C21 /* TPViewController.xib in Resources */ = {isa = PBXBuildFile; fileRef = 00479F5217EE56D600199C21 /* TPViewController.xib */; };
		00479F5D17EE577E00199C21 /* TPPhotoViewController.m in Sources */ = {isa = PBXBuildFile; fileRef = 00479F5B17EE577E00199C21 /* TPPhotoViewController.m */; };
		00479F5E17EE577E00199C21 /* TPPhotoViewController.xib in Resources */ = {isa = PBXBuildFile; fileRef = 00479F5C17EE577E00199C21 /* TPPhotoViewController.xib */; };
		00479F6717EE6AAF00199C21 /* TPRecentTripViewController.m in Sources */ = {isa = PBXBuildFile; fileRef = 00479F6517EE6AAF00199C21 /* TPRecentTripViewController.m */; };
		00479F6817EE6AAF00199C21 /* TPRecentTripViewController.xib in Resources */ = {isa = PBXBuildFile; fileRef = 00479F6617EE6AAF00199C21 /* TPRecentTripViewController.xib */; };
		00479F6C17EE78D600199C21 /* TPCurrentTravelViewController.m in Sources */ = {isa = PBXBuildFile; fileRef = 00479F6A17EE78D600199C21 /* TPCurrentTravelViewController.m */; };
		00479F6D17EE78D600199C21 /* TPCurrentTravelViewController.xib in Resources */ = {isa = PBXBuildFile; fileRef = 00479F6B17EE78D600199C21 /* TPCurrentTravelViewController.xib */; };
		0064155317EEF7D1006A7096 /* TPExpenseViewController.m in Sources */ = {isa = PBXBuildFile; fileRef = 0064155117EEF7D1006A7096 /* TPExpenseViewController.m */; };
		0064155417EEF7D1006A7096 /* TPExpenseViewController.xib in Resources */ = {isa = PBXBuildFile; fileRef = 0064155217EEF7D1006A7096 /* TPExpenseViewController.xib */; };
		008D352417EEA8000062397F /* TPCreateEventViewController.m in Sources */ = {isa = PBXBuildFile; fileRef = 008D352217EEA8000062397F /* TPCreateEventViewController.m */; };
		008D352517EEA8000062397F /* TPCreateEventViewController.xib in Resources */ = {isa = PBXBuildFile; fileRef = 008D352317EEA8000062397F /* TPCreateEventViewController.xib */; };
		008D352717EEBC010062397F /* CoreLocation.framework in Frameworks */ = {isa = PBXBuildFile; fileRef = 008D352617EEBC000062397F /* CoreLocation.framework */; };
		008D352B17EED3370062397F /* Default@2x.png in Resources */ = {isa = PBXBuildFile; fileRef = 008D352A17EED3370062397F /* Default@2x.png */; };
		008D352D17EED3AF0062397F /* ios7_icon2_white_web.png in Resources */ = {isa = PBXBuildFile; fileRef = 008D352C17EED3AF0062397F /* ios7_icon2_white_web.png */; };
		009AF13717EF1C5000836E0B /* TPEventViewController.m in Sources */ = {isa = PBXBuildFile; fileRef = 009AF13517EF1C5000836E0B /* TPEventViewController.m */; };
		009AF13817EF1C5000836E0B /* TPEventViewController.xib in Resources */ = {isa = PBXBuildFile; fileRef = 009AF13617EF1C5000836E0B /* TPEventViewController.xib */; };
		009AF13C17EF40BB00836E0B /* TPSummaryViewController.m in Sources */ = {isa = PBXBuildFile; fileRef = 009AF13A17EF40BB00836E0B /* TPSummaryViewController.m */; };
		009AF13D17EF40BB00836E0B /* TPSummaryViewController.xib in Resources */ = {isa = PBXBuildFile; fileRef = 009AF13B17EF40BB00836E0B /* TPSummaryViewController.xib */; };
		4461DA5317EEED80001229CF /* LauchViewBackground.png in Resources */ = {isa = PBXBuildFile; fileRef = 4461DA5217EEED80001229CF /* LauchViewBackground.png */; };
		446BF1C517EF1C2E009DD47A /* Messages.png in Resources */ = {isa = PBXBuildFile; fileRef = 446BF1C417EF1C2E009DD47A /* Messages.png */; };
		446BF1C717EF23B0009DD47A /* DoneCircle.jpg in Resources */ = {isa = PBXBuildFile; fileRef = 446BF1C617EF23B0009DD47A /* DoneCircle.jpg */; };
		446BF1D017EF597E009DD47A /* icon1.png in Resources */ = {isa = PBXBuildFile; fileRef = 446BF1CC17EF597E009DD47A /* icon1.png */; };
		446BF1D117EF597E009DD47A /* icon2.png in Resources */ = {isa = PBXBuildFile; fileRef = 446BF1CD17EF597E009DD47A /* icon2.png */; };
		446BF1D217EF597E009DD47A /* icon3.png in Resources */ = {isa = PBXBuildFile; fileRef = 446BF1CE17EF597E009DD47A /* icon3.png */; };
		446BF1D517EF5BAA009DD47A /* icon0.png in Resources */ = {isa = PBXBuildFile; fileRef = 446BF1D417EF5BAA009DD47A /* icon0.png */; };
		44FCDC3317EE51AA007548C5 /* UIKit.framework in Frameworks */ = {isa = PBXBuildFile; fileRef = 44FCDC3217EE51AA007548C5 /* UIKit.framework */; };
		44FCDC3517EE51AA007548C5 /* Foundation.framework in Frameworks */ = {isa = PBXBuildFile; fileRef = 44FCDC3417EE51AA007548C5 /* Foundation.framework */; };
		44FCDC3717EE51AA007548C5 /* CoreGraphics.framework in Frameworks */ = {isa = PBXBuildFile; fileRef = 44FCDC3617EE51AA007548C5 /* CoreGraphics.framework */; };
		44FCDC3D17EE51AA007548C5 /* InfoPlist.strings in Resources */ = {isa = PBXBuildFile; fileRef = 44FCDC3B17EE51AA007548C5 /* InfoPlist.strings */; };
		44FCDC3F17EE51AA007548C5 /* main.m in Sources */ = {isa = PBXBuildFile; fileRef = 44FCDC3E17EE51AA007548C5 /* main.m */; };
		44FCDC4317EE51AA007548C5 /* TPAppDelegate.m in Sources */ = {isa = PBXBuildFile; fileRef = 44FCDC4217EE51AA007548C5 /* TPAppDelegate.m */; };
		44FCDC4517EE51AA007548C5 /* Default.png in Resources */ = {isa = PBXBuildFile; fileRef = 44FCDC4417EE51AA007548C5 /* Default.png */; };
		44FCDC4717EE51AA007548C5 /* Default@2x.png in Resources */ = {isa = PBXBuildFile; fileRef = 44FCDC4617EE51AA007548C5 /* Default@2x.png */; };
		44FCDC4917EE51AA007548C5 /* Default-568h@2x.png in Resources */ = {isa = PBXBuildFile; fileRef = 44FCDC4817EE51AA007548C5 /* Default-568h@2x.png */; };
		44FCDC5717EE51AA007548C5 /* SenTestingKit.framework in Frameworks */ = {isa = PBXBuildFile; fileRef = 44FCDC5617EE51AA007548C5 /* SenTestingKit.framework */; };
		44FCDC5817EE51AA007548C5 /* UIKit.framework in Frameworks */ = {isa = PBXBuildFile; fileRef = 44FCDC3217EE51AA007548C5 /* UIKit.framework */; };
		44FCDC5917EE51AA007548C5 /* Foundation.framework in Frameworks */ = {isa = PBXBuildFile; fileRef = 44FCDC3417EE51AA007548C5 /* Foundation.framework */; };
		44FCDC6117EE51AA007548C5 /* InfoPlist.strings in Resources */ = {isa = PBXBuildFile; fileRef = 44FCDC5F17EE51AA007548C5 /* InfoPlist.strings */; };
		44FCDC6417EE51AA007548C5 /* TravelPalTests.m in Sources */ = {isa = PBXBuildFile; fileRef = 44FCDC6317EE51AA007548C5 /* TravelPalTests.m */; };
		44FCDC7517EE5C9C007548C5 /* TPMapViewController.m in Sources */ = {isa = PBXBuildFile; fileRef = 44FCDC7317EE5C9C007548C5 /* TPMapViewController.m */; };
		44FCDC7617EE5C9C007548C5 /* TPMapViewController.xib in Resources */ = {isa = PBXBuildFile; fileRef = 44FCDC7417EE5C9C007548C5 /* TPMapViewController.xib */; };
		44FCDC7817EE6B83007548C5 /* MapKit.framework in Frameworks */ = {isa = PBXBuildFile; fileRef = 44FCDC7717EE6B83007548C5 /* MapKit.framework */; };
		44FCDC7B17EE6E95007548C5 /* TPAnnotation.m in Sources */ = {isa = PBXBuildFile; fileRef = 44FCDC7A17EE6E95007548C5 /* TPAnnotation.m */; };
		44FCDC7E17EE706A007548C5 /* TPEvent.m in Sources */ = {isa = PBXBuildFile; fileRef = 44FCDC7D17EE706A007548C5 /* TPEvent.m */; };
		44FCDC8417EE94F6007548C5 /* TPHttpRequest.m in Sources */ = {isa = PBXBuildFile; fileRef = 44FCDC8317EE94F6007548C5 /* TPHttpRequest.m */; };
		44FCDC8717EE9509007548C5 /* TPUrl.m in Sources */ = {isa = PBXBuildFile; fileRef = 44FCDC8617EE9509007548C5 /* TPUrl.m */; };
/* End PBXBuildFile section */

/* Begin PBXContainerItemProxy section */
		44FCDC5A17EE51AA007548C5 /* PBXContainerItemProxy */ = {
			isa = PBXContainerItemProxy;
			containerPortal = 44FCDC2717EE51AA007548C5 /* Project object */;
			proxyType = 1;
			remoteGlobalIDString = 44FCDC2E17EE51AA007548C5;
			remoteInfo = TravelPal;
		};
/* End PBXContainerItemProxy section */

/* Begin PBXFileReference section */
		00479F5017EE56D600199C21 /* TPViewController.h */ = {isa = PBXFileReference; fileEncoding = 4; lastKnownFileType = sourcecode.c.h; path = TPViewController.h; sourceTree = "<group>"; };
		00479F5117EE56D600199C21 /* TPViewController.m */ = {isa = PBXFileReference; fileEncoding = 4; lastKnownFileType = sourcecode.c.objc; path = TPViewController.m; sourceTree = "<group>"; };
		00479F5217EE56D600199C21 /* TPViewController.xib */ = {isa = PBXFileReference; fileEncoding = 4; lastKnownFileType = file.xib; path = TPViewController.xib; sourceTree = "<group>"; };
		00479F5A17EE577E00199C21 /* TPPhotoViewController.h */ = {isa = PBXFileReference; fileEncoding = 4; lastKnownFileType = sourcecode.c.h; path = TPPhotoViewController.h; sourceTree = "<group>"; };
		00479F5B17EE577E00199C21 /* TPPhotoViewController.m */ = {isa = PBXFileReference; fileEncoding = 4; lastKnownFileType = sourcecode.c.objc; path = TPPhotoViewController.m; sourceTree = "<group>"; };
		00479F5C17EE577E00199C21 /* TPPhotoViewController.xib */ = {isa = PBXFileReference; fileEncoding = 4; lastKnownFileType = file.xib; path = TPPhotoViewController.xib; sourceTree = "<group>"; };
		00479F6417EE6AAF00199C21 /* TPRecentTripViewController.h */ = {isa = PBXFileReference; fileEncoding = 4; lastKnownFileType = sourcecode.c.h; path = TPRecentTripViewController.h; sourceTree = "<group>"; };
		00479F6517EE6AAF00199C21 /* TPRecentTripViewController.m */ = {isa = PBXFileReference; fileEncoding = 4; lastKnownFileType = sourcecode.c.objc; path = TPRecentTripViewController.m; sourceTree = "<group>"; };
		00479F6617EE6AAF00199C21 /* TPRecentTripViewController.xib */ = {isa = PBXFileReference; fileEncoding = 4; lastKnownFileType = file.xib; path = TPRecentTripViewController.xib; sourceTree = "<group>"; };
		00479F6917EE78D600199C21 /* TPCurrentTravelViewController.h */ = {isa = PBXFileReference; fileEncoding = 4; lastKnownFileType = sourcecode.c.h; path = TPCurrentTravelViewController.h; sourceTree = "<group>"; };
		00479F6A17EE78D600199C21 /* TPCurrentTravelViewController.m */ = {isa = PBXFileReference; fileEncoding = 4; lastKnownFileType = sourcecode.c.objc; path = TPCurrentTravelViewController.m; sourceTree = "<group>"; };
		00479F6B17EE78D600199C21 /* TPCurrentTravelViewController.xib */ = {isa = PBXFileReference; fileEncoding = 4; lastKnownFileType = file.xib; path = TPCurrentTravelViewController.xib; sourceTree = "<group>"; };
		0064155017EEF7D1006A7096 /* TPExpenseViewController.h */ = {isa = PBXFileReference; fileEncoding = 4; lastKnownFileType = sourcecode.c.h; path = TPExpenseViewController.h; sourceTree = "<group>"; };
		0064155117EEF7D1006A7096 /* TPExpenseViewController.m */ = {isa = PBXFileReference; fileEncoding = 4; lastKnownFileType = sourcecode.c.objc; path = TPExpenseViewController.m; sourceTree = "<group>"; };
		0064155217EEF7D1006A7096 /* TPExpenseViewController.xib */ = {isa = PBXFileReference; fileEncoding = 4; lastKnownFileType = file.xib; path = TPExpenseViewController.xib; sourceTree = "<group>"; };
		008D352117EEA8000062397F /* TPCreateEventViewController.h */ = {isa = PBXFileReference; fileEncoding = 4; lastKnownFileType = sourcecode.c.h; path = TPCreateEventViewController.h; sourceTree = "<group>"; };
		008D352217EEA8000062397F /* TPCreateEventViewController.m */ = {isa = PBXFileReference; fileEncoding = 4; lastKnownFileType = sourcecode.c.objc; path = TPCreateEventViewController.m; sourceTree = "<group>"; };
		008D352317EEA8000062397F /* TPCreateEventViewController.xib */ = {isa = PBXFileReference; fileEncoding = 4; lastKnownFileType = file.xib; path = TPCreateEventViewController.xib; sourceTree = "<group>"; };
		008D352617EEBC000062397F /* CoreLocation.framework */ = {isa = PBXFileReference; lastKnownFileType = wrapper.framework; name = CoreLocation.framework; path = System/Library/Frameworks/CoreLocation.framework; sourceTree = SDKROOT; };
		008D352A17EED3370062397F /* Default@2x.png */ = {isa = PBXFileReference; lastKnownFileType = image.png; path = "Default@2x.png"; sourceTree = "<group>"; };
		008D352C17EED3AF0062397F /* ios7_icon2_white_web.png */ = {isa = PBXFileReference; lastKnownFileType = image.png; path = ios7_icon2_white_web.png; sourceTree = "<group>"; };
		009AF13417EF1C5000836E0B /* TPEventViewController.h */ = {isa = PBXFileReference; fileEncoding = 4; lastKnownFileType = sourcecode.c.h; path = TPEventViewController.h; sourceTree = "<group>"; };
		009AF13517EF1C5000836E0B /* TPEventViewController.m */ = {isa = PBXFileReference; fileEncoding = 4; lastKnownFileType = sourcecode.c.objc; path = TPEventViewController.m; sourceTree = "<group>"; };
		009AF13617EF1C5000836E0B /* TPEventViewController.xib */ = {isa = PBXFileReference; fileEncoding = 4; lastKnownFileType = file.xib; path = TPEventViewController.xib; sourceTree = "<group>"; };
		009AF13917EF40BB00836E0B /* TPSummaryViewController.h */ = {isa = PBXFileReference; fileEncoding = 4; lastKnownFileType = sourcecode.c.h; path = TPSummaryViewController.h; sourceTree = "<group>"; };
		009AF13A17EF40BB00836E0B /* TPSummaryViewController.m */ = {isa = PBXFileReference; fileEncoding = 4; lastKnownFileType = sourcecode.c.objc; path = TPSummaryViewController.m; sourceTree = "<group>"; };
		009AF13B17EF40BB00836E0B /* TPSummaryViewController.xib */ = {isa = PBXFileReference; fileEncoding = 4; lastKnownFileType = file.xib; path = TPSummaryViewController.xib; sourceTree = "<group>"; };
		4461DA5217EEED80001229CF /* LauchViewBackground.png */ = {isa = PBXFileReference; lastKnownFileType = image.png; path = LauchViewBackground.png; sourceTree = "<group>"; };
		446BF1C417EF1C2E009DD47A /* Messages.png */ = {isa = PBXFileReference; lastKnownFileType = image.png; path = Messages.png; sourceTree = "<group>"; };
		446BF1C617EF23B0009DD47A /* DoneCircle.jpg */ = {isa = PBXFileReference; lastKnownFileType = image.jpeg; path = DoneCircle.jpg; sourceTree = "<group>"; };
		446BF1CC17EF597E009DD47A /* icon1.png */ = {isa = PBXFileReference; lastKnownFileType = image.png; path = icon1.png; sourceTree = "<group>"; };
		446BF1CD17EF597E009DD47A /* icon2.png */ = {isa = PBXFileReference; lastKnownFileType = image.png; path = icon2.png; sourceTree = "<group>"; };
		446BF1CE17EF597E009DD47A /* icon3.png */ = {isa = PBXFileReference; lastKnownFileType = image.png; path = icon3.png; sourceTree = "<group>"; };
		446BF1D417EF5BAA009DD47A /* icon0.png */ = {isa = PBXFileReference; lastKnownFileType = image.png; path = icon0.png; sourceTree = "<group>"; };
		44FCDC2F17EE51AA007548C5 /* TravelPal.app */ = {isa = PBXFileReference; explicitFileType = wrapper.application; includeInIndex = 0; path = TravelPal.app; sourceTree = BUILT_PRODUCTS_DIR; };
		44FCDC3217EE51AA007548C5 /* UIKit.framework */ = {isa = PBXFileReference; lastKnownFileType = wrapper.framework; name = UIKit.framework; path = System/Library/Frameworks/UIKit.framework; sourceTree = SDKROOT; };
		44FCDC3417EE51AA007548C5 /* Foundation.framework */ = {isa = PBXFileReference; lastKnownFileType = wrapper.framework; name = Foundation.framework; path = System/Library/Frameworks/Foundation.framework; sourceTree = SDKROOT; };
		44FCDC3617EE51AA007548C5 /* CoreGraphics.framework */ = {isa = PBXFileReference; lastKnownFileType = wrapper.framework; name = CoreGraphics.framework; path = System/Library/Frameworks/CoreGraphics.framework; sourceTree = SDKROOT; };
		44FCDC3A17EE51AA007548C5 /* TravelPal-Info.plist */ = {isa = PBXFileReference; lastKnownFileType = text.plist.xml; path = "TravelPal-Info.plist"; sourceTree = "<group>"; };
		44FCDC3C17EE51AA007548C5 /* en */ = {isa = PBXFileReference; lastKnownFileType = text.plist.strings; name = en; path = en.lproj/InfoPlist.strings; sourceTree = "<group>"; };
		44FCDC3E17EE51AA007548C5 /* main.m */ = {isa = PBXFileReference; lastKnownFileType = sourcecode.c.objc; path = main.m; sourceTree = "<group>"; };
		44FCDC4017EE51AA007548C5 /* TravelPal-Prefix.pch */ = {isa = PBXFileReference; lastKnownFileType = sourcecode.c.h; path = "TravelPal-Prefix.pch"; sourceTree = "<group>"; };
		44FCDC4117EE51AA007548C5 /* TPAppDelegate.h */ = {isa = PBXFileReference; lastKnownFileType = sourcecode.c.h; path = TPAppDelegate.h; sourceTree = "<group>"; };
		44FCDC4217EE51AA007548C5 /* TPAppDelegate.m */ = {isa = PBXFileReference; lastKnownFileType = sourcecode.c.objc; path = TPAppDelegate.m; sourceTree = "<group>"; };
		44FCDC4417EE51AA007548C5 /* Default.png */ = {isa = PBXFileReference; lastKnownFileType = image.png; path = Default.png; sourceTree = "<group>"; };
		44FCDC4617EE51AA007548C5 /* Default@2x.png */ = {isa = PBXFileReference; lastKnownFileType = image.png; path = "Default@2x.png"; sourceTree = "<group>"; };
		44FCDC4817EE51AA007548C5 /* Default-568h@2x.png */ = {isa = PBXFileReference; lastKnownFileType = image.png; path = "Default-568h@2x.png"; sourceTree = "<group>"; };
		44FCDC5517EE51AA007548C5 /* TravelPalTests.octest */ = {isa = PBXFileReference; explicitFileType = wrapper.cfbundle; includeInIndex = 0; path = TravelPalTests.octest; sourceTree = BUILT_PRODUCTS_DIR; };
		44FCDC5617EE51AA007548C5 /* SenTestingKit.framework */ = {isa = PBXFileReference; lastKnownFileType = wrapper.framework; name = SenTestingKit.framework; path = Library/Frameworks/SenTestingKit.framework; sourceTree = DEVELOPER_DIR; };
		44FCDC5E17EE51AA007548C5 /* TravelPalTests-Info.plist */ = {isa = PBXFileReference; lastKnownFileType = text.plist.xml; path = "TravelPalTests-Info.plist"; sourceTree = "<group>"; };
		44FCDC6017EE51AA007548C5 /* en */ = {isa = PBXFileReference; lastKnownFileType = text.plist.strings; name = en; path = en.lproj/InfoPlist.strings; sourceTree = "<group>"; };
		44FCDC6217EE51AA007548C5 /* TravelPalTests.h */ = {isa = PBXFileReference; lastKnownFileType = sourcecode.c.h; path = TravelPalTests.h; sourceTree = "<group>"; };
		44FCDC6317EE51AA007548C5 /* TravelPalTests.m */ = {isa = PBXFileReference; lastKnownFileType = sourcecode.c.objc; path = TravelPalTests.m; sourceTree = "<group>"; };
		44FCDC7217EE5C9C007548C5 /* TPMapViewController.h */ = {isa = PBXFileReference; fileEncoding = 4; lastKnownFileType = sourcecode.c.h; path = TPMapViewController.h; sourceTree = "<group>"; };
		44FCDC7317EE5C9C007548C5 /* TPMapViewController.m */ = {isa = PBXFileReference; fileEncoding = 4; lastKnownFileType = sourcecode.c.objc; path = TPMapViewController.m; sourceTree = "<group>"; };
		44FCDC7417EE5C9C007548C5 /* TPMapViewController.xib */ = {isa = PBXFileReference; fileEncoding = 4; lastKnownFileType = file.xib; path = TPMapViewController.xib; sourceTree = "<group>"; };
		44FCDC7717EE6B83007548C5 /* MapKit.framework */ = {isa = PBXFileReference; lastKnownFileType = wrapper.framework; name = MapKit.framework; path = System/Library/Frameworks/MapKit.framework; sourceTree = SDKROOT; };
		44FCDC7917EE6E95007548C5 /* TPAnnotation.h */ = {isa = PBXFileReference; fileEncoding = 4; lastKnownFileType = sourcecode.c.h; path = TPAnnotation.h; sourceTree = "<group>"; };
		44FCDC7A17EE6E95007548C5 /* TPAnnotation.m */ = {isa = PBXFileReference; fileEncoding = 4; lastKnownFileType = sourcecode.c.objc; path = TPAnnotation.m; sourceTree = "<group>"; };
		44FCDC7C17EE706A007548C5 /* TPEvent.h */ = {isa = PBXFileReference; fileEncoding = 4; lastKnownFileType = sourcecode.c.h; path = TPEvent.h; sourceTree = "<group>"; };
		44FCDC7D17EE706A007548C5 /* TPEvent.m */ = {isa = PBXFileReference; fileEncoding = 4; lastKnownFileType = sourcecode.c.objc; path = TPEvent.m; sourceTree = "<group>"; };
		44FCDC8217EE94F6007548C5 /* TPHttpRequest.h */ = {isa = PBXFileReference; fileEncoding = 4; lastKnownFileType = sourcecode.c.h; path = TPHttpRequest.h; sourceTree = "<group>"; };
		44FCDC8317EE94F6007548C5 /* TPHttpRequest.m */ = {isa = PBXFileReference; fileEncoding = 4; lastKnownFileType = sourcecode.c.objc; path = TPHttpRequest.m; sourceTree = "<group>"; };
		44FCDC8517EE9509007548C5 /* TPUrl.h */ = {isa = PBXFileReference; fileEncoding = 4; lastKnownFileType = sourcecode.c.h; path = TPUrl.h; sourceTree = "<group>"; };
		44FCDC8617EE9509007548C5 /* TPUrl.m */ = {isa = PBXFileReference; fileEncoding = 4; lastKnownFileType = sourcecode.c.objc; path = TPUrl.m; sourceTree = "<group>"; };
/* End PBXFileReference section */

/* Begin PBXFrameworksBuildPhase section */
		44FCDC2C17EE51AA007548C5 /* Frameworks */ = {
			isa = PBXFrameworksBuildPhase;
			buildActionMask = 2147483647;
			files = (
				008D352717EEBC010062397F /* CoreLocation.framework in Frameworks */,
				44FCDC7817EE6B83007548C5 /* MapKit.framework in Frameworks */,
				44FCDC3317EE51AA007548C5 /* UIKit.framework in Frameworks */,
				44FCDC3517EE51AA007548C5 /* Foundation.framework in Frameworks */,
				44FCDC3717EE51AA007548C5 /* CoreGraphics.framework in Frameworks */,
			);
			runOnlyForDeploymentPostprocessing = 0;
		};
		44FCDC5117EE51AA007548C5 /* Frameworks */ = {
			isa = PBXFrameworksBuildPhase;
			buildActionMask = 2147483647;
			files = (
				44FCDC5717EE51AA007548C5 /* SenTestingKit.framework in Frameworks */,
				44FCDC5817EE51AA007548C5 /* UIKit.framework in Frameworks */,
				44FCDC5917EE51AA007548C5 /* Foundation.framework in Frameworks */,
			);
			runOnlyForDeploymentPostprocessing = 0;
		};
/* End PBXFrameworksBuildPhase section */

/* Begin PBXGroup section */
		44FCDC2617EE51AA007548C5 = {
			isa = PBXGroup;
			children = (
				008D352C17EED3AF0062397F /* ios7_icon2_white_web.png */,
				008D352A17EED3370062397F /* Default@2x.png */,
				008D352617EEBC000062397F /* CoreLocation.framework */,
				44FCDC7717EE6B83007548C5 /* MapKit.framework */,
				44FCDC3817EE51AA007548C5 /* TravelPal */,
				44FCDC5C17EE51AA007548C5 /* TravelPalTests */,
				44FCDC3117EE51AA007548C5 /* Frameworks */,
				44FCDC3017EE51AA007548C5 /* Products */,
			);
			sourceTree = "<group>";
		};
		44FCDC3017EE51AA007548C5 /* Products */ = {
			isa = PBXGroup;
			children = (
				44FCDC2F17EE51AA007548C5 /* TravelPal.app */,
				44FCDC5517EE51AA007548C5 /* TravelPalTests.octest */,
			);
			name = Products;
			sourceTree = "<group>";
		};
		44FCDC3117EE51AA007548C5 /* Frameworks */ = {
			isa = PBXGroup;
			children = (
				44FCDC3217EE51AA007548C5 /* UIKit.framework */,
				44FCDC3417EE51AA007548C5 /* Foundation.framework */,
				44FCDC3617EE51AA007548C5 /* CoreGraphics.framework */,
				44FCDC5617EE51AA007548C5 /* SenTestingKit.framework */,
			);
			name = Frameworks;
			sourceTree = "<group>";
		};
		44FCDC3817EE51AA007548C5 /* TravelPal */ = {
			isa = PBXGroup;
			children = (
				00479F6917EE78D600199C21 /* TPCurrentTravelViewController.h */,
				00479F6A17EE78D600199C21 /* TPCurrentTravelViewController.m */,
				00479F6B17EE78D600199C21 /* TPCurrentTravelViewController.xib */,
				00479F6417EE6AAF00199C21 /* TPRecentTripViewController.h */,
				00479F6517EE6AAF00199C21 /* TPRecentTripViewController.m */,
				00479F6617EE6AAF00199C21 /* TPRecentTripViewController.xib */,
				00479F5A17EE577E00199C21 /* TPPhotoViewController.h */,
				00479F5B17EE577E00199C21 /* TPPhotoViewController.m */,
				00479F5C17EE577E00199C21 /* TPPhotoViewController.xib */,
				00479F5017EE56D600199C21 /* TPViewController.h */,
				00479F5117EE56D600199C21 /* TPViewController.m */,
				00479F5217EE56D600199C21 /* TPViewController.xib */,
				44FCDC4117EE51AA007548C5 /* TPAppDelegate.h */,
				44FCDC4217EE51AA007548C5 /* TPAppDelegate.m */,
				44FCDC3917EE51AA007548C5 /* Supporting Files */,
				44FCDC7217EE5C9C007548C5 /* TPMapViewController.h */,
				44FCDC7317EE5C9C007548C5 /* TPMapViewController.m */,
				44FCDC7417EE5C9C007548C5 /* TPMapViewController.xib */,
				44FCDC7917EE6E95007548C5 /* TPAnnotation.h */,
				44FCDC7A17EE6E95007548C5 /* TPAnnotation.m */,
				44FCDC7C17EE706A007548C5 /* TPEvent.h */,
				44FCDC7D17EE706A007548C5 /* TPEvent.m */,
				44FCDC8217EE94F6007548C5 /* TPHttpRequest.h */,
				44FCDC8317EE94F6007548C5 /* TPHttpRequest.m */,
				44FCDC8517EE9509007548C5 /* TPUrl.h */,
				44FCDC8617EE9509007548C5 /* TPUrl.m */,
				008D352117EEA8000062397F /* TPCreateEventViewController.h */,
				008D352217EEA8000062397F /* TPCreateEventViewController.m */,
				008D352317EEA8000062397F /* TPCreateEventViewController.xib */,
				0064155017EEF7D1006A7096 /* TPExpenseViewController.h */,
				0064155117EEF7D1006A7096 /* TPExpenseViewController.m */,
				0064155217EEF7D1006A7096 /* TPExpenseViewController.xib */,
				009AF13417EF1C5000836E0B /* TPEventViewController.h */,
				009AF13517EF1C5000836E0B /* TPEventViewController.m */,
				009AF13617EF1C5000836E0B /* TPEventViewController.xib */,
				009AF13917EF40BB00836E0B /* TPSummaryViewController.h */,
				009AF13A17EF40BB00836E0B /* TPSummaryViewController.m */,
				009AF13B17EF40BB00836E0B /* TPSummaryViewController.xib */,
			);
			path = TravelPal;
			sourceTree = "<group>";
		};
		44FCDC3917EE51AA007548C5 /* Supporting Files */ = {
			isa = PBXGroup;
			children = (
				446BF1D417EF5BAA009DD47A /* icon0.png */,
				446BF1CC17EF597E009DD47A /* icon1.png */,
				446BF1CD17EF597E009DD47A /* icon2.png */,
				446BF1CE17EF597E009DD47A /* icon3.png */,
				446BF1C617EF23B0009DD47A /* DoneCircle.jpg */,
				446BF1C417EF1C2E009DD47A /* Messages.png */,
				4461DA5217EEED80001229CF /* LauchViewBackground.png */,
				44FCDC3A17EE51AA007548C5 /* TravelPal-Info.plist */,
				44FCDC3B17EE51AA007548C5 /* InfoPlist.strings */,
				44FCDC3E17EE51AA007548C5 /* main.m */,
				44FCDC4017EE51AA007548C5 /* TravelPal-Prefix.pch */,
				44FCDC4417EE51AA007548C5 /* Default.png */,
				44FCDC4617EE51AA007548C5 /* Default@2x.png */,
				44FCDC4817EE51AA007548C5 /* Default-568h@2x.png */,
			);
			name = "Supporting Files";
			sourceTree = "<group>";
		};
		44FCDC5C17EE51AA007548C5 /* TravelPalTests */ = {
			isa = PBXGroup;
			children = (
				44FCDC6217EE51AA007548C5 /* TravelPalTests.h */,
				44FCDC6317EE51AA007548C5 /* TravelPalTests.m */,
				44FCDC5D17EE51AA007548C5 /* Supporting Files */,
			);
			path = TravelPalTests;
			sourceTree = "<group>";
		};
		44FCDC5D17EE51AA007548C5 /* Supporting Files */ = {
			isa = PBXGroup;
			children = (
				44FCDC5E17EE51AA007548C5 /* TravelPalTests-Info.plist */,
				44FCDC5F17EE51AA007548C5 /* InfoPlist.strings */,
			);
			name = "Supporting Files";
			sourceTree = "<group>";
		};
/* End PBXGroup section */

/* Begin PBXNativeTarget section */
		44FCDC2E17EE51AA007548C5 /* TravelPal */ = {
			isa = PBXNativeTarget;
			buildConfigurationList = 44FCDC6717EE51AA007548C5 /* Build configuration list for PBXNativeTarget "TravelPal" */;
			buildPhases = (
				44FCDC2B17EE51AA007548C5 /* Sources */,
				44FCDC2C17EE51AA007548C5 /* Frameworks */,
				44FCDC2D17EE51AA007548C5 /* Resources */,
			);
			buildRules = (
			);
			dependencies = (
			);
			name = TravelPal;
			productName = TravelPal;
			productReference = 44FCDC2F17EE51AA007548C5 /* TravelPal.app */;
			productType = "com.apple.product-type.application";
		};
		44FCDC5417EE51AA007548C5 /* TravelPalTests */ = {
			isa = PBXNativeTarget;
			buildConfigurationList = 44FCDC6A17EE51AA007548C5 /* Build configuration list for PBXNativeTarget "TravelPalTests" */;
			buildPhases = (
				44FCDC5017EE51AA007548C5 /* Sources */,
				44FCDC5117EE51AA007548C5 /* Frameworks */,
				44FCDC5217EE51AA007548C5 /* Resources */,
				44FCDC5317EE51AA007548C5 /* ShellScript */,
			);
			buildRules = (
			);
			dependencies = (
				44FCDC5B17EE51AA007548C5 /* PBXTargetDependency */,
			);
			name = TravelPalTests;
			productName = TravelPalTests;
			productReference = 44FCDC5517EE51AA007548C5 /* TravelPalTests.octest */;
			productType = "com.apple.product-type.bundle";
		};
/* End PBXNativeTarget section */

/* Begin PBXProject section */
		44FCDC2717EE51AA007548C5 /* Project object */ = {
			isa = PBXProject;
			attributes = {
				CLASSPREFIX = TP;
				LastUpgradeCheck = 0460;
				ORGANIZATIONNAME = ok;
			};
			buildConfigurationList = 44FCDC2A17EE51AA007548C5 /* Build configuration list for PBXProject "TravelPal" */;
			compatibilityVersion = "Xcode 3.2";
			developmentRegion = English;
			hasScannedForEncodings = 0;
			knownRegions = (
				en,
			);
			mainGroup = 44FCDC2617EE51AA007548C5;
			productRefGroup = 44FCDC3017EE51AA007548C5 /* Products */;
			projectDirPath = "";
			projectRoot = "";
			targets = (
				44FCDC2E17EE51AA007548C5 /* TravelPal */,
				44FCDC5417EE51AA007548C5 /* TravelPalTests */,
			);
		};
/* End PBXProject section */

/* Begin PBXResourcesBuildPhase section */
		44FCDC2D17EE51AA007548C5 /* Resources */ = {
			isa = PBXResourcesBuildPhase;
			buildActionMask = 2147483647;
			files = (
				44FCDC3D17EE51AA007548C5 /* InfoPlist.strings in Resources */,
				009AF13817EF1C5000836E0B /* TPEventViewController.xib in Resources */,
				446BF1D217EF597E009DD47A /* icon3.png in Resources */,
				44FCDC4517EE51AA007548C5 /* Default.png in Resources */,
				44FCDC4717EE51AA007548C5 /* Default@2x.png in Resources */,
				44FCDC4917EE51AA007548C5 /* Default-568h@2x.png in Resources */,
				00479F5417EE56D600199C21 /* TPViewController.xib in Resources */,
				446BF1C717EF23B0009DD47A /* DoneCircle.jpg in Resources */,
				00479F5E17EE577E00199C21 /* TPPhotoViewController.xib in Resources */,
				446BF1D517EF5BAA009DD47A /* icon0.png in Resources */,
				44FCDC7617EE5C9C007548C5 /* TPMapViewController.xib in Resources */,
				009AF13D17EF40BB00836E0B /* TPSummaryViewController.xib in Resources */,
				446BF1C517EF1C2E009DD47A /* Messages.png in Resources */,
				446BF1D117EF597E009DD47A /* icon2.png in Resources */,
				00479F6817EE6AAF00199C21 /* TPRecentTripViewController.xib in Resources */,
				4461DA5317EEED80001229CF /* LauchViewBackground.png in Resources */,
				446BF1D017EF597E009DD47A /* icon1.png in Resources */,
				00479F6D17EE78D600199C21 /* TPCurrentTravelViewController.xib in Resources */,
				008D352517EEA8000062397F /* TPCreateEventViewController.xib in Resources */,
				008D352B17EED3370062397F /* Default@2x.png in Resources */,
				008D352D17EED3AF0062397F /* ios7_icon2_white_web.png in Resources */,
				0064155417EEF7D1006A7096 /* TPExpenseViewController.xib in Resources */,
			);
			runOnlyForDeploymentPostprocessing = 0;
		};
		44FCDC5217EE51AA007548C5 /* Resources */ = {
			isa = PBXResourcesBuildPhase;
			buildActionMask = 2147483647;
			files = (
				44FCDC6117EE51AA007548C5 /* InfoPlist.strings in Resources */,
			);
			runOnlyForDeploymentPostprocessing = 0;
		};
/* End PBXResourcesBuildPhase section */

/* Begin PBXShellScriptBuildPhase section */
		44FCDC5317EE51AA007548C5 /* ShellScript */ = {
			isa = PBXShellScriptBuildPhase;
			buildActionMask = 2147483647;
			files = (
			);
			inputPaths = (
			);
			outputPaths = (
			);
			runOnlyForDeploymentPostprocessing = 0;
			shellPath = /bin/sh;
			shellScript = "# Run the unit tests in this test bundle.\n\"${SYSTEM_DEVELOPER_DIR}/Tools/RunUnitTests\"\n";
		};
/* End PBXShellScriptBuildPhase section */

/* Begin PBXSourcesBuildPhase section */
		44FCDC2B17EE51AA007548C5 /* Sources */ = {
			isa = PBXSourcesBuildPhase;
			buildActionMask = 2147483647;
			files = (
				44FCDC3F17EE51AA007548C5 /* main.m in Sources */,
				44FCDC4317EE51AA007548C5 /* TPAppDelegate.m in Sources */,
				00479F5317EE56D600199C21 /* TPViewController.m in Sources */,
				00479F5D17EE577E00199C21 /* TPPhotoViewController.m in Sources */,
				44FCDC7517EE5C9C007548C5 /* TPMapViewController.m in Sources */,
				44FCDC7B17EE6E95007548C5 /* TPAnnotation.m in Sources */,
				44FCDC7E17EE706A007548C5 /* TPEvent.m in Sources */,
				00479F6717EE6AAF00199C21 /* TPRecentTripViewController.m in Sources */,
				00479F6C17EE78D600199C21 /* TPCurrentTravelViewController.m in Sources */,
				44FCDC8417EE94F6007548C5 /* TPHttpRequest.m in Sources */,
				009AF13C17EF40BB00836E0B /* TPSummaryViewController.m in Sources */,
				44FCDC8717EE9509007548C5 /* TPUrl.m in Sources */,
				009AF13717EF1C5000836E0B /* TPEventViewController.m in Sources */,
				008D352417EEA8000062397F /* TPCreateEventViewController.m in Sources */,
				0064155317EEF7D1006A7096 /* TPExpenseViewController.m in Sources */,
			);
			runOnlyForDeploymentPostprocessing = 0;
		};
		44FCDC5017EE51AA007548C5 /* Sources */ = {
			isa = PBXSourcesBuildPhase;
			buildActionMask = 2147483647;
			files = (
				44FCDC6417EE51AA007548C5 /* TravelPalTests.m in Sources */,
			);
			runOnlyForDeploymentPostprocessing = 0;
		};
/* End PBXSourcesBuildPhase section */

/* Begin PBXTargetDependency section */
		44FCDC5B17EE51AA007548C5 /* PBXTargetDependency */ = {
			isa = PBXTargetDependency;
			target = 44FCDC2E17EE51AA007548C5 /* TravelPal */;
			targetProxy = 44FCDC5A17EE51AA007548C5 /* PBXContainerItemProxy */;
		};
/* End PBXTargetDependency section */

/* Begin PBXVariantGroup section */
		44FCDC3B17EE51AA007548C5 /* InfoPlist.strings */ = {
			isa = PBXVariantGroup;
			children = (
				44FCDC3C17EE51AA007548C5 /* en */,
			);
			name = InfoPlist.strings;
			sourceTree = "<group>";
		};
		44FCDC5F17EE51AA007548C5 /* InfoPlist.strings */ = {
			isa = PBXVariantGroup;
			children = (
				44FCDC6017EE51AA007548C5 /* en */,
			);
			name = InfoPlist.strings;
			sourceTree = "<group>";
		};
/* End PBXVariantGroup section */

/* Begin XCBuildConfiguration section */
		44FCDC6517EE51AA007548C5 /* Debug */ = {
			isa = XCBuildConfiguration;
			buildSettings = {
				ALWAYS_SEARCH_USER_PATHS = NO;
				CLANG_CXX_LANGUAGE_STANDARD = "gnu++0x";
				CLANG_CXX_LIBRARY = "libc++";
				CLANG_ENABLE_OBJC_ARC = YES;
				CLANG_WARN_CONSTANT_CONVERSION = YES;
				CLANG_WARN_EMPTY_BODY = YES;
				CLANG_WARN_ENUM_CONVERSION = YES;
				CLANG_WARN_INT_CONVERSION = YES;
				CLANG_WARN__DUPLICATE_METHOD_MATCH = YES;
				"CODE_SIGN_IDENTITY[sdk=iphoneos*]" = "iPhone Developer";
				COPY_PHASE_STRIP = NO;
				GCC_C_LANGUAGE_STANDARD = gnu99;
				GCC_DYNAMIC_NO_PIC = NO;
				GCC_OPTIMIZATION_LEVEL = 0;
				GCC_PREPROCESSOR_DEFINITIONS = (
					"DEBUG=1",
					"$(inherited)",
				);
				GCC_SYMBOLS_PRIVATE_EXTERN = NO;
				GCC_WARN_ABOUT_RETURN_TYPE = YES;
				GCC_WARN_UNINITIALIZED_AUTOS = YES;
				GCC_WARN_UNUSED_VARIABLE = YES;
				IPHONEOS_DEPLOYMENT_TARGET = 6.1;
				ONLY_ACTIVE_ARCH = YES;
				SDKROOT = iphoneos;
			};
			name = Debug;
		};
		44FCDC6617EE51AA007548C5 /* Release */ = {
			isa = XCBuildConfiguration;
			buildSettings = {
				ALWAYS_SEARCH_USER_PATHS = NO;
				CLANG_CXX_LANGUAGE_STANDARD = "gnu++0x";
				CLANG_CXX_LIBRARY = "libc++";
				CLANG_ENABLE_OBJC_ARC = YES;
				CLANG_WARN_CONSTANT_CONVERSION = YES;
				CLANG_WARN_EMPTY_BODY = YES;
				CLANG_WARN_ENUM_CONVERSION = YES;
				CLANG_WARN_INT_CONVERSION = YES;
				CLANG_WARN__DUPLICATE_METHOD_MATCH = YES;
				"CODE_SIGN_IDENTITY[sdk=iphoneos*]" = "iPhone Developer";
				COPY_PHASE_STRIP = YES;
				GCC_C_LANGUAGE_STANDARD = gnu99;
				GCC_WARN_ABOUT_RETURN_TYPE = YES;
				GCC_WARN_UNINITIALIZED_AUTOS = YES;
				GCC_WARN_UNUSED_VARIABLE = YES;
				IPHONEOS_DEPLOYMENT_TARGET = 6.1;
				OTHER_CFLAGS = "-DNS_BLOCK_ASSERTIONS=1";
				SDKROOT = iphoneos;
				VALIDATE_PRODUCT = YES;
			};
			name = Release;
		};
		44FCDC6817EE51AA007548C5 /* Debug */ = {
			isa = XCBuildConfiguration;
			buildSettings = {
				GCC_PRECOMPILE_PREFIX_HEADER = YES;
				GCC_PREFIX_HEADER = "TravelPal/TravelPal-Prefix.pch";
				INFOPLIST_FILE = "TravelPal/TravelPal-Info.plist";
				PRODUCT_NAME = "$(TARGET_NAME)";
				WRAPPER_EXTENSION = app;
			};
			name = Debug;
		};
		44FCDC6917EE51AA007548C5 /* Release */ = {
			isa = XCBuildConfiguration;
			buildSettings = {
				GCC_PRECOMPILE_PREFIX_HEADER = YES;
				GCC_PREFIX_HEADER = "TravelPal/TravelPal-Prefix.pch";
				INFOPLIST_FILE = "TravelPal/TravelPal-Info.plist";
				PRODUCT_NAME = "$(TARGET_NAME)";
				WRAPPER_EXTENSION = app;
			};
			name = Release;
		};
		44FCDC6B17EE51AA007548C5 /* Debug */ = {
			isa = XCBuildConfiguration;
			buildSettings = {
				BUNDLE_LOADER = "$(BUILT_PRODUCTS_DIR)/TravelPal.app/TravelPal";
				FRAMEWORK_SEARCH_PATHS = (
					"\"$(SDKROOT)/Developer/Library/Frameworks\"",
					"\"$(DEVELOPER_LIBRARY_DIR)/Frameworks\"",
				);
				GCC_PRECOMPILE_PREFIX_HEADER = YES;
				GCC_PREFIX_HEADER = "TravelPal/TravelPal-Prefix.pch";
				INFOPLIST_FILE = "TravelPalTests/TravelPalTests-Info.plist";
				IPHONEOS_DEPLOYMENT_TARGET = 7.0;
				PRODUCT_NAME = "$(TARGET_NAME)";
				TEST_HOST = "$(BUNDLE_LOADER)";
				WRAPPER_EXTENSION = octest;
			};
			name = Debug;
		};
		44FCDC6C17EE51AA007548C5 /* Release */ = {
			isa = XCBuildConfiguration;
			buildSettings = {
				BUNDLE_LOADER = "$(BUILT_PRODUCTS_DIR)/TravelPal.app/TravelPal";
				FRAMEWORK_SEARCH_PATHS = (
					"\"$(SDKROOT)/Developer/Library/Frameworks\"",
					"\"$(DEVELOPER_LIBRARY_DIR)/Frameworks\"",
				);
				GCC_PRECOMPILE_PREFIX_HEADER = YES;
				GCC_PREFIX_HEADER = "TravelPal/TravelPal-Prefix.pch";
				INFOPLIST_FILE = "TravelPalTests/TravelPalTests-Info.plist";
				IPHONEOS_DEPLOYMENT_TARGET = 7.0;
				PRODUCT_NAME = "$(TARGET_NAME)";
				TEST_HOST = "$(BUNDLE_LOADER)";
				WRAPPER_EXTENSION = octest;
			};
			name = Release;
		};
/* End XCBuildConfiguration section */

/* Begin XCConfigurationList section */
		44FCDC2A17EE51AA007548C5 /* Build configuration list for PBXProject "TravelPal" */ = {
			isa = XCConfigurationList;
			buildConfigurations = (
				44FCDC6517EE51AA007548C5 /* Debug */,
				44FCDC6617EE51AA007548C5 /* Release */,
			);
			defaultConfigurationIsVisible = 0;
			defaultConfigurationName = Release;
		};
		44FCDC6717EE51AA007548C5 /* Build configuration list for PBXNativeTarget "TravelPal" */ = {
			isa = XCConfigurationList;
			buildConfigurations = (
				44FCDC6817EE51AA007548C5 /* Debug */,
				44FCDC6917EE51AA007548C5 /* Release */,
			);
			defaultConfigurationIsVisible = 0;
			defaultConfigurationName = Release;
		};
		44FCDC6A17EE51AA007548C5 /* Build configuration list for PBXNativeTarget "TravelPalTests" */ = {
			isa = XCConfigurationList;
			buildConfigurations = (
				44FCDC6B17EE51AA007548C5 /* Debug */,
				44FCDC6C17EE51AA007548C5 /* Release */,
			);
			defaultConfigurationIsVisible = 0;
			defaultConfigurationName = Release;
		};
/* End XCConfigurationList section */
	};
	rootObject = 44FCDC2717EE51AA007548C5 /* Project object */;
}
